
Microsoft Visual Studio Solution File, Format Version 12.00
# Visual Studio Version 17
VisualStudioVersion = 17.7.34003.232
MinimumVisualStudioVersion = 10.0.40219.1
Project("{FAE04EC0-301F-11D3-BF4B-00C04F79EFBC}") = "Student", "Student\Student.csproj", "{3FF2F5C2-105E-4A09-AB2B-17FB1184E467}"
EndProject
Global
	GlobalSection(SolutionConfigurationPlatforms) = preSolution
		Debug|Any CPU = Debug|Any CPU
		Release|Any CPU = Release|Any CPU
	EndGlobalSection
	GlobalSection(ProjectConfigurationPlatforms) = postSolution
		{3FF2F5C2-105E-4A09-AB2B-17FB1184E467}.Debug|Any CPU.ActiveCfg = Debug|Any CPU
		{3FF2F5C2-105E-4A09-AB2B-17FB1184E467}.Debug|Any CPU.Build.0 = Debug|Any CPU
		{3FF2F5C2-105E-4A09-AB2B-17FB1184E467}.Release|Any CPU.ActiveCfg = Release|Any CPU
		{3FF2F5C2-105E-4A09-AB2B-17FB1184E467}.Release|Any CPU.Build.0 = Release|Any CPU
	EndGlobalSection
	GlobalSection(SolutionProperties) = preSolution
		HideSolutionNode = FALSE
	EndGlobalSection
	GlobalSection(ExtensibilityGlobals) = postSolution
		SolutionGuid = {B19C8DDF-EDC2-4C20-AC69-EA597409A106}
	EndGlobalSection
EndGlobal
